// !$*UTF8*$!
{
	archiveVersion = 1;
	classes = {
	};
	objectVersion = 46;
	objects = {

/* Begin PBXBuildFile section */
		117A91701AAC99DD001721EB /* AppDelegate.swift in Sources */ = {isa = PBXBuildFile; fileRef = 117A916F1AAC99DD001721EB /* AppDelegate.swift */; };
		117A91721AAC99DD001721EB /* ViewController.swift in Sources */ = {isa = PBXBuildFile; fileRef = 117A91711AAC99DD001721EB /* ViewController.swift */; };
		117A91751AAC99DD001721EB /* Main.storyboard in Resources */ = {isa = PBXBuildFile; fileRef = 117A91731AAC99DD001721EB /* Main.storyboard */; };
		117A91771AAC99DD001721EB /* Images.xcassets in Resources */ = {isa = PBXBuildFile; fileRef = 117A91761AAC99DD001721EB /* Images.xcassets */; };
		117A917A1AAC99DD001721EB /* LaunchScreen.xib in Resources */ = {isa = PBXBuildFile; fileRef = 117A91781AAC99DD001721EB /* LaunchScreen.xib */; };
		117A91861AAC99DD001721EB /* testingTests.swift in Sources */ = {isa = PBXBuildFile; fileRef = 117A91851AAC99DD001721EB /* testingTests.swift */; };
/* End PBXBuildFile section */

/* Begin PBXContainerItemProxy section */
		117A91801AAC99DD001721EB /* PBXContainerItemProxy */ = {
			isa = PBXContainerItemProxy;
			containerPortal = 117A91621AAC99DD001721EB /* Project object */;
			proxyType = 1;
			remoteGlobalIDString = 117A91691AAC99DD001721EB;
			remoteInfo = testing;
		};
/* End PBXContainerItemProxy section */

/* Begin PBXFileReference section */
		117A916A1AAC99DD001721EB /* testing.app */ = {isa = PBXFileReference; explicitFileType = wrapper.application; includeInIndex = 0; path = testing.app; sourceTree = BUILT_PRODUCTS_DIR; };
		117A916E1AAC99DD001721EB /* Info.plist */ = {isa = PBXFileReference; lastKnownFileType = text.plist.xml; path = Info.plist; sourceTree = "<group>"; };
		117A916F1AAC99DD001721EB /* AppDelegate.swift */ = {isa = PBXFileReference; lastKnownFileType = sourcecode.swift; path = AppDelegate.swift; sourceTree = "<group>"; };
		117A91711AAC99DD001721EB /* ViewController.swift */ = {isa = PBXFileReference; lastKnownFileType = sourcecode.swift; path = ViewController.swift; sourceTree = "<group>"; };
		117A91741AAC99DD001721EB /* Base */ = {isa = PBXFileReference; lastKnownFileType = file.storyboard; name = Base; path = Base.lproj/Main.storyboard; sourceTree = "<group>"; };
		117A91761AAC99DD001721EB /* Images.xcassets */ = {isa = PBXFileReference; lastKnownFileType = folder.assetcatalog; path = Images.xcassets; sourceTree = "<group>"; };
		117A91791AAC99DD001721EB /* Base */ = {isa = PBXFileReference; lastKnownFileType = file.xib; name = Base; path = Base.lproj/LaunchScreen.xib; sourceTree = "<group>"; };
		117A917F1AAC99DD001721EB /* testingTests.xctest */ = {isa = PBXFileReference; explicitFileType = wrapper.cfbundle; includeInIndex = 0; path = testingTests.xctest; sourceTree = BUILT_PRODUCTS_DIR; };
		117A91841AAC99DD001721EB /* Info.plist */ = {isa = PBXFileReference; lastKnownFileType = text.plist.xml; path = Info.plist; sourceTree = "<group>"; };
		117A91851AAC99DD001721EB /* testingTests.swift */ = {isa = PBXFileReference; lastKnownFileType = sourcecode.swift; path = testingTests.swift; sourceTree = "<group>"; };
/* End PBXFileReference section */

/* Begin PBXFrameworksBuildPhase section */
		117A91671AAC99DD001721EB /* Frameworks */ = {
			isa = PBXFrameworksBuildPhase;
			buildActionMask = 2147483647;
			files = (
			);
			runOnlyForDeploymentPostprocessing = 0;
		};
		117A917C1AAC99DD001721EB /* Frameworks */ = {
			isa = PBXFrameworksBuildPhase;
			buildActionMask = 2147483647;
			files = (
			);
			runOnlyForDeploymentPostprocessing = 0;
		};
/* End PBXFrameworksBuildPhase section */

/* Begin PBXGroup section */
		117A91611AAC99DD001721EB = {
			isa = PBXGroup;
			children = (
				117A916C1AAC99DD001721EB /* testing */,
				117A91821AAC99DD001721EB /* testingTests */,
				117A916B1AAC99DD001721EB /* Products */,
			);
			sourceTree = "<group>";
		};
		117A916B1AAC99DD001721EB /* Products */ = {
			isa = PBXGroup;
			children = (
				117A916A1AAC99DD001721EB /* testing.app */,
				117A917F1AAC99DD001721EB /* testingTests.xctest */,
			);
			name = Products;
			sourceTree = "<group>";
		};
		117A916C1AAC99DD001721EB /* testing */ = {
			isa = PBXGroup;
			children = (
				117A916F1AAC99DD001721EB /* AppDelegate.swift */,
				117A91711AAC99DD001721EB /* ViewController.swift */,
				117A91731AAC99DD001721EB /* Main.storyboard */,
				117A91761AAC99DD001721EB /* Images.xcassets */,
				117A91781AAC99DD001721EB /* LaunchScreen.xib */,
				117A916D1AAC99DD001721EB /* Supporting Files */,
			);
			path = testing;
			sourceTree = "<group>";
		};
		117A916D1AAC99DD001721EB /* Supporting Files */ = {
			isa = PBXGroup;
			children = (
				117A916E1AAC99DD001721EB /* Info.plist */,
			);
			name = "Supporting Files";
			sourceTree = "<group>";
		};
		117A91821AAC99DD001721EB /* testingTests */ = {
			isa = PBXGroup;
			children = (
				117A91851AAC99DD001721EB /* testingTests.swift */,
				117A91831AAC99DD001721EB /* Supporting Files */,
			);
			path = testingTests;
			sourceTree = "<group>";
		};
		117A91831AAC99DD001721EB /* Supporting Files */ = {
			isa = PBXGroup;
			children = (
				117A91841AAC99DD001721EB /* Info.plist */,
			);
			name = "Supporting Files";
			sourceTree = "<group>";
		};
/* End PBXGroup section */

/* Begin PBXNativeTarget section */
		117A91691AAC99DD001721EB /* testing */ = {
			isa = PBXNativeTarget;
			buildConfigurationList = 117A91891AAC99DD001721EB /* Build configuration list for PBXNativeTarget "testing" */;
			buildPhases = (
				117A91661AAC99DD001721EB /* Sources */,
				117A91671AAC99DD001721EB /* Frameworks */,
				117A91681AAC99DD001721EB /* Resources */,
			);
			buildRules = (
			);
			dependencies = (
			);
			name = testing;
			productName = testing;
			productReference = 117A916A1AAC99DD001721EB /* testing.app */;
			productType = "com.apple.product-type.application";
		};
		117A917E1AAC99DD001721EB /* testingTests */ = {
			isa = PBXNativeTarget;
			buildConfigurationList = 117A918C1AAC99DD001721EB /* Build configuration list for PBXNativeTarget "testingTests" */;
			buildPhases = (
				117A917B1AAC99DD001721EB /* Sources */,
				117A917C1AAC99DD001721EB /* Frameworks */,
				117A917D1AAC99DD001721EB /* Resources */,
			);
			buildRules = (
			);
			dependencies = (
				117A91811AAC99DD001721EB /* PBXTargetDependency */,
			);
			name = testingTests;
			productName = testingTests;
			productReference = 117A917F1AAC99DD001721EB /* testingTests.xctest */;
			productType = "com.apple.product-type.bundle.unit-test";
		};
/* End PBXNativeTarget section */

/* Begin PBXProject section */
		117A91621AAC99DD001721EB /* Project object */ = {
			isa = PBXProject;
			attributes = {
				LastUpgradeCheck = 0610;
				ORGANIZATIONNAME = netcode.cl;
				TargetAttributes = {
					117A91691AAC99DD001721EB = {
						CreatedOnToolsVersion = 6.1.1;
						SystemCapabilities = {
							com.apple.Maps.iOS = {
								enabled = 0;
							};
						};
					};
					117A917E1AAC99DD001721EB = {
						CreatedOnToolsVersion = 6.1.1;
						TestTargetID = 117A91691AAC99DD001721EB;
					};
				};
			};
			buildConfigurationList = 117A91651AAC99DD001721EB /* Build configuration list for PBXProject "testing" */;
			compatibilityVersion = "Xcode 3.2";
			developmentRegion = English;
			hasScannedForEncodings = 0;
			knownRegions = (
				en,
				Base,
			);
			mainGroup = 117A91611AAC99DD001721EB;
			productRefGroup = 117A916B1AAC99DD001721EB /* Products */;
			projectDirPath = "";
			projectRoot = "";
			targets = (
				117A91691AAC99DD001721EB /* testing */,
				117A917E1AAC99DD001721EB /* testingTests */,
			);
		};
/* End PBXProject section */

/* Begin PBXResourcesBuildPhase section */
		117A91681AAC99DD001721EB /* Resources */ = {
			isa = PBXResourcesBuildPhase;
			buildActionMask = 2147483647;
			files = (
				117A91751AAC99DD001721EB /* Main.storyboard in Resources */,
				117A917A1AAC99DD001721EB /* LaunchScreen.xib in Resources */,
				117A91771AAC99DD001721EB /* Images.xcassets in Resources */,
			);
			runOnlyForDeploymentPostprocessing = 0;
		};
		117A917D1AAC99DD001721EB /* Resources */ = {
			isa = PBXResourcesBuildPhase;
			buildActionMask = 2147483647;
			files = (
			);
			runOnlyForDeploymentPostprocessing = 0;
		};
/* End PBXResourcesBuildPhase section */

/* Begin PBXSourcesBuildPhase section */
		117A91661AAC99DD001721EB /* Sources */ = {
			isa = PBXSourcesBuildPhase;
			buildActionMask = 2147483647;
			files = (
				117A91721AAC99DD001721EB /* ViewController.swift in Sources */,
				117A91701AAC99DD001721EB /* AppDelegate.swift in Sources */,
			);
			runOnlyForDeploymentPostprocessing = 0;
		};
		117A917B1AAC99DD001721EB /* Sources */ = {
			isa = PBXSourcesBuildPhase;
			buildActionMask = 2147483647;
			files = (
				117A91861AAC99DD001721EB /* testingTests.swift in Sources */,
			);
			runOnlyForDeploymentPostprocessing = 0;
		};
/* End PBXSourcesBuildPhase section */

/* Begin PBXTargetDependency section */
		117A91811AAC99DD001721EB /* PBXTargetDependency */ = {
			isa = PBXTargetDependency;
			target = 117A91691AAC99DD001721EB /* testing */;
			targetProxy = 117A91801AAC99DD001721EB /* PBXContainerItemProxy */;
		};
/* End PBXTargetDependency section */

/* Begin PBXVariantGroup section */
		117A91731AAC99DD001721EB /* Main.storyboard */ = {
			isa = PBXVariantGroup;
			children = (
				117A91741AAC99DD001721EB /* Base */,
			);
			name = Main.storyboard;
			sourceTree = "<group>";
		};
		117A91781AAC99DD001721EB /* LaunchScreen.xib */ = {
			isa = PBXVariantGroup;
			children = (
				117A91791AAC99DD001721EB /* Base */,
			);
			name = LaunchScreen.xib;
			sourceTree = "<group>";
		};
/* End PBXVariantGroup section */

/* Begin XCBuildConfiguration section */
		117A91871AAC99DD001721EB /* Debug */ = {
			isa = XCBuildConfiguration;
			buildSettings = {
				ALWAYS_SEARCH_USER_PATHS = NO;
				CLANG_CXX_LANGUAGE_STANDARD = "gnu++0x";
				CLANG_CXX_LIBRARY = "libc++";
				CLANG_ENABLE_MODULES = YES;
				CLANG_ENABLE_OBJC_ARC = YES;
				CLANG_WARN_BOOL_CONVERSION = YES;
				CLANG_WARN_CONSTANT_CONVERSION = YES;
				CLANG_WARN_DIRECT_OBJC_ISA_USAGE = YES_ERROR;
				CLANG_WARN_EMPTY_BODY = YES;
				CLANG_WARN_ENUM_CONVERSION = YES;
				CLANG_WARN_INT_CONVERSION = YES;
				CLANG_WARN_OBJC_ROOT_CLASS = YES_ERROR;
				CLANG_WARN_UNREACHABLE_CODE = YES;
				CLANG_WARN__DUPLICATE_METHOD_MATCH = YES;
				"CODE_SIGN_IDENTITY[sdk=iphoneos*]" = "iPhone Developer";
				COPY_PHASE_STRIP = NO;
				ENABLE_STRICT_OBJC_MSGSEND = YES;
				GCC_C_LANGUAGE_STANDARD = gnu99;
				GCC_DYNAMIC_NO_PIC = NO;
				GCC_OPTIMIZATION_LEVEL = 0;
				GCC_PREPROCESSOR_DEFINITIONS = (
					"DEBUG=1",
					"$(inherited)",
				);
				GCC_SYMBOLS_PRIVATE_EXTERN = NO;
				GCC_WARN_64_TO_32_BIT_CONVERSION = YES;
				GCC_WARN_ABOUT_RETURN_TYPE = YES_ERROR;
				GCC_WARN_UNDECLARED_SELECTOR = YES;
				GCC_WARN_UNINITIALIZED_AUTOS = YES_AGGRESSIVE;
				GCC_WARN_UNUSED_FUNCTION = YES;
				GCC_WARN_UNUSED_VARIABLE = YES;
				IPHONEOS_DEPLOYMENT_TARGET = 8.1;
				MTL_ENABLE_DEBUG_INFO = YES;
				ONLY_ACTIVE_ARCH = YES;
				SDKROOT = iphoneos;
				SWIFT_OPTIMIZATION_LEVEL = "-Onone";
				TARGETED_DEVICE_FAMILY = "1,2";
			};
			name = Debug;
		};
		117A91881AAC99DD001721EB /* Release */ = {
			isa = XCBuildConfiguration;
			buildSettings = {
				ALWAYS_SEARCH_USER_PATHS = NO;
				CLANG_CXX_LANGUAGE_STANDARD = "gnu++0x";
				CLANG_CXX_LIBRARY = "libc++";
				CLANG_ENABLE_MODULES = YES;
				CLANG_ENABLE_OBJC_ARC = YES;
				CLANG_WARN_BOOL_CONVERSION = YES;
				CLANG_WARN_CONSTANT_CONVERSION = YES;
				CLANG_WARN_DIRECT_OBJC_ISA_USAGE = YES_ERROR;
				CLANG_WARN_EMPTY_BODY = YES;
				CLANG_WARN_ENUM_CONVERSION = YES;
				CLANG_WARN_INT_CONVERSION = YES;
				CLANG_WARN_OBJC_ROOT_CLASS = YES_ERROR;
				CLANG_WARN_UNREACHABLE_CODE = YES;
				CLANG_WARN__DUPLICATE_METHOD_MATCH = YES;
				"CODE_SIGN_IDENTITY[sdk=iphoneos*]" = "iPhone Developer";
				COPY_PHASE_STRIP = YES;
				ENABLE_NS_ASSERTIONS = NO;
				ENABLE_STRICT_OBJC_MSGSEND = YES;
				GCC_C_LANGUAGE_STANDARD = gnu99;
				GCC_WARN_64_TO_32_BIT_CONVERSION = YES;
				GCC_WARN_ABOUT_RETURN_TYPE = YES_ERROR;
				GCC_WARN_UNDECLARED_SELECTOR = YES;
				GCC_WARN_UNINITIALIZED_AUTOS = YES_AGGRESSIVE;
				GCC_WARN_UNUSED_FUNCTION = YES;
				GCC_WARN_UNUSED_VARIABLE = YES;
				IPHONEOS_DEPLOYMENT_TARGET = 8.1;
				MTL_ENABLE_DEBUG_INFO = NO;
				SDKROOT = iphoneos;
				TARGETED_DEVICE_FAMILY = "1,2";
				VALIDATE_PRODUCT = YES;
			};
			name = Release;
		};
		117A918A1AAC99DD001721EB /* Debug */ = {
			isa = XCBuildConfiguration;
			buildSettings = {
				ASSETCATALOG_COMPILER_APPICON_NAME = AppIcon;
				INFOPLIST_FILE = testing/Info.plist;
				LD_RUNPATH_SEARCH_PATHS = "$(inherited) @executable_path/Frameworks";
				PRODUCT_NAME = "$(TARGET_NAME)";
			};
			name = Debug;
		};
		117A918B1AAC99DD001721EB /* Release */ = {
			isa = XCBuildConfiguration;
			buildSettings = {
				ASSETCATALOG_COMPILER_APPICON_NAME = AppIcon;
				INFOPLIST_FILE = testing/Info.plist;
				LD_RUNPATH_SEARCH_PATHS = "$(inherited) @executable_path/Frameworks";
				PRODUCT_NAME = "$(TARGET_NAME)";
			};
			name = Release;
		};
		117A918D1AAC99DD001721EB /* Debug */ = {
			isa = XCBuildConfiguration;
			buildSettings = {
				BUNDLE_LOADER = "$(TEST_HOST)";
				FRAMEWORK_SEARCH_PATHS = (
					"$(SDKROOT)/Developer/Library/Frameworks",
					"$(inherited)",
				);
				GCC_PREPROCESSOR_DEFINITIONS = (
					"DEBUG=1",
					"$(inherited)",
				);
				INFOPLIST_FILE = testingTests/Info.plist;
				LD_RUNPATH_SEARCH_PATHS = "$(inherited) @executable_path/Frameworks @loader_path/Frameworks";
				PRODUCT_NAME = "$(TARGET_NAME)";
				TEST_HOST = "$(BUILT_PRODUCTS_DIR)/testing.app/testing";
			};
			name = Debug;
		};
		117A918E1AAC99DD001721EB /* Release */ = {
			isa = XCBuildConfiguration;
			buildSettings = {
				BUNDLE_LOADER = "$(TEST_HOST)";
				FRAMEWORK_SEARCH_PATHS = (
					"$(SDKROOT)/Developer/Library/Frameworks",
					"$(inherited)",
				);
				INFOPLIST_FILE = testingTests/Info.plist;
				LD_RUNPATH_SEARCH_PATHS = "$(inherited) @executable_path/Frameworks @loader_path/Frameworks";
				PRODUCT_NAME = "$(TARGET_NAME)";
				TEST_HOST = "$(BUILT_PRODUCTS_DIR)/testing.app/testing";
			};
			name = Release;
		};
/* End XCBuildConfiguration section */

/* Begin XCConfigurationList section */
		117A91651AAC99DD001721EB /* Build configuration list for PBXProject "testing" */ = {
			isa = XCConfigurationList;
			buildConfigurations = (
				117A91871AAC99DD001721EB /* Debug */,
				117A91881AAC99DD001721EB /* Release */,
			);
			defaultConfigurationIsVisible = 0;
			defaultConfigurationName = Release;
		};
		117A91891AAC99DD001721EB /* Build configuration list for PBXNativeTarget "testing" */ = {
			isa = XCConfigurationList;
			buildConfigurations = (
				117A918A1AAC99DD001721EB /* Debug */,
				117A918B1AAC99DD001721EB /* Release */,
			);
			defaultConfigurationIsVisible = 0;
		};
		117A918C1AAC99DD001721EB /* Build configuration list for PBXNativeTarget "testingTests" */ = {
			isa = XCConfigurationList;
			buildConfigurations = (
				117A918D1AAC99DD001721EB /* Debug */,
				117A918E1AAC99DD001721EB /* Release */,
			);
			defaultConfigurationIsVisible = 0;
		};
/* End XCConfigurationList section */
	};
	rootObject = 117A91621AAC99DD001721EB /* Project object */;
}
