// !$*UTF8*$!
{
	archiveVersion = 1;
	classes = {
	};
	objectVersion = 46;
	objects = {

/* Begin PBXBuildFile section */
		119E9A8F1AAD39EF001FAEE3 /* AppDelegate.swift in Sources */ = {isa = PBXBuildFile; fileRef = 119E9A8E1AAD39EF001FAEE3 /* AppDelegate.swift */; };
		119E9A911AAD39EF001FAEE3 /* ViewController.swift in Sources */ = {isa = PBXBuildFile; fileRef = 119E9A901AAD39EF001FAEE3 /* ViewController.swift */; };
		119E9A941AAD39EF001FAEE3 /* Main.storyboard in Resources */ = {isa = PBXBuildFile; fileRef = 119E9A921AAD39EF001FAEE3 /* Main.storyboard */; };
		119E9A961AAD39EF001FAEE3 /* Images.xcassets in Resources */ = {isa = PBXBuildFile; fileRef = 119E9A951AAD39EF001FAEE3 /* Images.xcassets */; };
		119E9A991AAD39EF001FAEE3 /* LaunchScreen.xib in Resources */ = {isa = PBXBuildFile; fileRef = 119E9A971AAD39EF001FAEE3 /* LaunchScreen.xib */; };
		119E9AA51AAD39EF001FAEE3 /* pruebaTests.swift in Sources */ = {isa = PBXBuildFile; fileRef = 119E9AA41AAD39EF001FAEE3 /* pruebaTests.swift */; };
/* End PBXBuildFile section */

/* Begin PBXContainerItemProxy section */
		119E9A9F1AAD39EF001FAEE3 /* PBXContainerItemProxy */ = {
			isa = PBXContainerItemProxy;
			containerPortal = 119E9A811AAD39EF001FAEE3 /* Project object */;
			proxyType = 1;
			remoteGlobalIDString = 119E9A881AAD39EF001FAEE3;
			remoteInfo = prueba;
		};
/* End PBXContainerItemProxy section */

/* Begin PBXFileReference section */
		119E9A891AAD39EF001FAEE3 /* prueba.app */ = {isa = PBXFileReference; explicitFileType = wrapper.application; includeInIndex = 0; path = prueba.app; sourceTree = BUILT_PRODUCTS_DIR; };
		119E9A8D1AAD39EF001FAEE3 /* Info.plist */ = {isa = PBXFileReference; lastKnownFileType = text.plist.xml; path = Info.plist; sourceTree = "<group>"; };
		119E9A8E1AAD39EF001FAEE3 /* AppDelegate.swift */ = {isa = PBXFileReference; lastKnownFileType = sourcecode.swift; path = AppDelegate.swift; sourceTree = "<group>"; };
		119E9A901AAD39EF001FAEE3 /* ViewController.swift */ = {isa = PBXFileReference; lastKnownFileType = sourcecode.swift; path = ViewController.swift; sourceTree = "<group>"; };
		119E9A931AAD39EF001FAEE3 /* Base */ = {isa = PBXFileReference; lastKnownFileType = file.storyboard; name = Base; path = Base.lproj/Main.storyboard; sourceTree = "<group>"; };
		119E9A951AAD39EF001FAEE3 /* Images.xcassets */ = {isa = PBXFileReference; lastKnownFileType = folder.assetcatalog; path = Images.xcassets; sourceTree = "<group>"; };
		119E9A981AAD39EF001FAEE3 /* Base */ = {isa = PBXFileReference; lastKnownFileType = file.xib; name = Base; path = Base.lproj/LaunchScreen.xib; sourceTree = "<group>"; };
		119E9A9E1AAD39EF001FAEE3 /* pruebaTests.xctest */ = {isa = PBXFileReference; explicitFileType = wrapper.cfbundle; includeInIndex = 0; path = pruebaTests.xctest; sourceTree = BUILT_PRODUCTS_DIR; };
		119E9AA31AAD39EF001FAEE3 /* Info.plist */ = {isa = PBXFileReference; lastKnownFileType = text.plist.xml; path = Info.plist; sourceTree = "<group>"; };
		119E9AA41AAD39EF001FAEE3 /* pruebaTests.swift */ = {isa = PBXFileReference; lastKnownFileType = sourcecode.swift; path = pruebaTests.swift; sourceTree = "<group>"; };
/* End PBXFileReference section */

/* Begin PBXFrameworksBuildPhase section */
		119E9A861AAD39EF001FAEE3 /* Frameworks */ = {
			isa = PBXFrameworksBuildPhase;
			buildActionMask = 2147483647;
			files = (
			);
			runOnlyForDeploymentPostprocessing = 0;
		};
		119E9A9B1AAD39EF001FAEE3 /* Frameworks */ = {
			isa = PBXFrameworksBuildPhase;
			buildActionMask = 2147483647;
			files = (
			);
			runOnlyForDeploymentPostprocessing = 0;
		};
/* End PBXFrameworksBuildPhase section */

/* Begin PBXGroup section */
		119E9A801AAD39EF001FAEE3 = {
			isa = PBXGroup;
			children = (
				119E9A8B1AAD39EF001FAEE3 /* prueba */,
				119E9AA11AAD39EF001FAEE3 /* pruebaTests */,
				119E9A8A1AAD39EF001FAEE3 /* Products */,
			);
			sourceTree = "<group>";
		};
		119E9A8A1AAD39EF001FAEE3 /* Products */ = {
			isa = PBXGroup;
			children = (
				119E9A891AAD39EF001FAEE3 /* prueba.app */,
				119E9A9E1AAD39EF001FAEE3 /* pruebaTests.xctest */,
			);
			name = Products;
			sourceTree = "<group>";
		};
		119E9A8B1AAD39EF001FAEE3 /* prueba */ = {
			isa = PBXGroup;
			children = (
				119E9A8E1AAD39EF001FAEE3 /* AppDelegate.swift */,
				119E9A901AAD39EF001FAEE3 /* ViewController.swift */,
				119E9A921AAD39EF001FAEE3 /* Main.storyboard */,
				119E9A951AAD39EF001FAEE3 /* Images.xcassets */,
				119E9A971AAD39EF001FAEE3 /* LaunchScreen.xib */,
				119E9A8C1AAD39EF001FAEE3 /* Supporting Files */,
			);
			path = prueba;
			sourceTree = "<group>";
		};
		119E9A8C1AAD39EF001FAEE3 /* Supporting Files */ = {
			isa = PBXGroup;
			children = (
				119E9A8D1AAD39EF001FAEE3 /* Info.plist */,
			);
			name = "Supporting Files";
			sourceTree = "<group>";
		};
		119E9AA11AAD39EF001FAEE3 /* pruebaTests */ = {
			isa = PBXGroup;
			children = (
				119E9AA41AAD39EF001FAEE3 /* pruebaTests.swift */,
				119E9AA21AAD39EF001FAEE3 /* Supporting Files */,
			);
			path = pruebaTests;
			sourceTree = "<group>";
		};
		119E9AA21AAD39EF001FAEE3 /* Supporting Files */ = {
			isa = PBXGroup;
			children = (
				119E9AA31AAD39EF001FAEE3 /* Info.plist */,
			);
			name = "Supporting Files";
			sourceTree = "<group>";
		};
/* End PBXGroup section */

/* Begin PBXNativeTarget section */
		119E9A881AAD39EF001FAEE3 /* prueba */ = {
			isa = PBXNativeTarget;
			buildConfigurationList = 119E9AA81AAD39EF001FAEE3 /* Build configuration list for PBXNativeTarget "prueba" */;
			buildPhases = (
				119E9A851AAD39EF001FAEE3 /* Sources */,
				119E9A861AAD39EF001FAEE3 /* Frameworks */,
				119E9A871AAD39EF001FAEE3 /* Resources */,
			);
			buildRules = (
			);
			dependencies = (
			);
			name = prueba;
			productName = prueba;
			productReference = 119E9A891AAD39EF001FAEE3 /* prueba.app */;
			productType = "com.apple.product-type.application";
		};
		119E9A9D1AAD39EF001FAEE3 /* pruebaTests */ = {
			isa = PBXNativeTarget;
			buildConfigurationList = 119E9AAB1AAD39EF001FAEE3 /* Build configuration list for PBXNativeTarget "pruebaTests" */;
			buildPhases = (
				119E9A9A1AAD39EF001FAEE3 /* Sources */,
				119E9A9B1AAD39EF001FAEE3 /* Frameworks */,
				119E9A9C1AAD39EF001FAEE3 /* Resources */,
			);
			buildRules = (
			);
			dependencies = (
				119E9AA01AAD39EF001FAEE3 /* PBXTargetDependency */,
			);
			name = pruebaTests;
			productName = pruebaTests;
			productReference = 119E9A9E1AAD39EF001FAEE3 /* pruebaTests.xctest */;
			productType = "com.apple.product-type.bundle.unit-test";
		};
/* End PBXNativeTarget section */

/* Begin PBXProject section */
		119E9A811AAD39EF001FAEE3 /* Project object */ = {
			isa = PBXProject;
			attributes = {
				LastUpgradeCheck = 0610;
				ORGANIZATIONNAME = netcode.cl;
				TargetAttributes = {
					119E9A881AAD39EF001FAEE3 = {
						CreatedOnToolsVersion = 6.1.1;
					};
					119E9A9D1AAD39EF001FAEE3 = {
						CreatedOnToolsVersion = 6.1.1;
						TestTargetID = 119E9A881AAD39EF001FAEE3;
					};
				};
			};
			buildConfigurationList = 119E9A841AAD39EF001FAEE3 /* Build configuration list for PBXProject "prueba" */;
			compatibilityVersion = "Xcode 3.2";
			developmentRegion = English;
			hasScannedForEncodings = 0;
			knownRegions = (
				en,
				Base,
			);
			mainGroup = 119E9A801AAD39EF001FAEE3;
			productRefGroup = 119E9A8A1AAD39EF001FAEE3 /* Products */;
			projectDirPath = "";
			projectRoot = "";
			targets = (
				119E9A881AAD39EF001FAEE3 /* prueba */,
				119E9A9D1AAD39EF001FAEE3 /* pruebaTests */,
			);
		};
/* End PBXProject section */

/* Begin PBXResourcesBuildPhase section */
		119E9A871AAD39EF001FAEE3 /* Resources */ = {
			isa = PBXResourcesBuildPhase;
			buildActionMask = 2147483647;
			files = (
				119E9A941AAD39EF001FAEE3 /* Main.storyboard in Resources */,
				119E9A991AAD39EF001FAEE3 /* LaunchScreen.xib in Resources */,
				119E9A961AAD39EF001FAEE3 /* Images.xcassets in Resources */,
			);
			runOnlyForDeploymentPostprocessing = 0;
		};
		119E9A9C1AAD39EF001FAEE3 /* Resources */ = {
			isa = PBXResourcesBuildPhase;
			buildActionMask = 2147483647;
			files = (
			);
			runOnlyForDeploymentPostprocessing = 0;
		};
/* End PBXResourcesBuildPhase section */

/* Begin PBXSourcesBuildPhase section */
		119E9A851AAD39EF001FAEE3 /* Sources */ = {
			isa = PBXSourcesBuildPhase;
			buildActionMask = 2147483647;
			files = (
				119E9A911AAD39EF001FAEE3 /* ViewController.swift in Sources */,
				119E9A8F1AAD39EF001FAEE3 /* AppDelegate.swift in Sources */,
			);
			runOnlyForDeploymentPostprocessing = 0;
		};
		119E9A9A1AAD39EF001FAEE3 /* Sources */ = {
			isa = PBXSourcesBuildPhase;
			buildActionMask = 2147483647;
			files = (
				119E9AA51AAD39EF001FAEE3 /* pruebaTests.swift in Sources */,
			);
			runOnlyForDeploymentPostprocessing = 0;
		};
/* End PBXSourcesBuildPhase section */

/* Begin PBXTargetDependency section */
		119E9AA01AAD39EF001FAEE3 /* PBXTargetDependency */ = {
			isa = PBXTargetDependency;
			target = 119E9A881AAD39EF001FAEE3 /* prueba */;
			targetProxy = 119E9A9F1AAD39EF001FAEE3 /* PBXContainerItemProxy */;
		};
/* End PBXTargetDependency section */

/* Begin PBXVariantGroup section */
		119E9A921AAD39EF001FAEE3 /* Main.storyboard */ = {
			isa = PBXVariantGroup;
			children = (
				119E9A931AAD39EF001FAEE3 /* Base */,
			);
			name = Main.storyboard;
			sourceTree = "<group>";
		};
		119E9A971AAD39EF001FAEE3 /* LaunchScreen.xib */ = {
			isa = PBXVariantGroup;
			children = (
				119E9A981AAD39EF001FAEE3 /* Base */,
			);
			name = LaunchScreen.xib;
			sourceTree = "<group>";
		};
/* End PBXVariantGroup section */

/* Begin XCBuildConfiguration section */
		119E9AA61AAD39EF001FAEE3 /* Debug */ = {
			isa = XCBuildConfiguration;
			buildSettings = {
				ALWAYS_SEARCH_USER_PATHS = NO;
				CLANG_CXX_LANGUAGE_STANDARD = "gnu++0x";
				CLANG_CXX_LIBRARY = "libc++";
				CLANG_ENABLE_MODULES = YES;
				CLANG_ENABLE_OBJC_ARC = YES;
				CLANG_WARN_BOOL_CONVERSION = YES;
				CLANG_WARN_CONSTANT_CONVERSION = YES;
				CLANG_WARN_DIRECT_OBJC_ISA_USAGE = YES_ERROR;
				CLANG_WARN_EMPTY_BODY = YES;
				CLANG_WARN_ENUM_CONVERSION = YES;
				CLANG_WARN_INT_CONVERSION = YES;
				CLANG_WARN_OBJC_ROOT_CLASS = YES_ERROR;
				CLANG_WARN_UNREACHABLE_CODE = YES;
				CLANG_WARN__DUPLICATE_METHOD_MATCH = YES;
				"CODE_SIGN_IDENTITY[sdk=iphoneos*]" = "iPhone Developer";
				COPY_PHASE_STRIP = NO;
				ENABLE_STRICT_OBJC_MSGSEND = YES;
				GCC_C_LANGUAGE_STANDARD = gnu99;
				GCC_DYNAMIC_NO_PIC = NO;
				GCC_OPTIMIZATION_LEVEL = 0;
				GCC_PREPROCESSOR_DEFINITIONS = (
					"DEBUG=1",
					"$(inherited)",
				);
				GCC_SYMBOLS_PRIVATE_EXTERN = NO;
				GCC_WARN_64_TO_32_BIT_CONVERSION = YES;
				GCC_WARN_ABOUT_RETURN_TYPE = YES_ERROR;
				GCC_WARN_UNDECLARED_SELECTOR = YES;
				GCC_WARN_UNINITIALIZED_AUTOS = YES_AGGRESSIVE;
				GCC_WARN_UNUSED_FUNCTION = YES;
				GCC_WARN_UNUSED_VARIABLE = YES;
				IPHONEOS_DEPLOYMENT_TARGET = 8.1;
				MTL_ENABLE_DEBUG_INFO = YES;
				ONLY_ACTIVE_ARCH = YES;
				SDKROOT = iphoneos;
				SWIFT_OPTIMIZATION_LEVEL = "-Onone";
			};
			name = Debug;
		};
		119E9AA71AAD39EF001FAEE3 /* Release */ = {
			isa = XCBuildConfiguration;
			buildSettings = {
				ALWAYS_SEARCH_USER_PATHS = NO;
				CLANG_CXX_LANGUAGE_STANDARD = "gnu++0x";
				CLANG_CXX_LIBRARY = "libc++";
				CLANG_ENABLE_MODULES = YES;
				CLANG_ENABLE_OBJC_ARC = YES;
				CLANG_WARN_BOOL_CONVERSION = YES;
				CLANG_WARN_CONSTANT_CONVERSION = YES;
				CLANG_WARN_DIRECT_OBJC_ISA_USAGE = YES_ERROR;
				CLANG_WARN_EMPTY_BODY = YES;
				CLANG_WARN_ENUM_CONVERSION = YES;
				CLANG_WARN_INT_CONVERSION = YES;
				CLANG_WARN_OBJC_ROOT_CLASS = YES_ERROR;
				CLANG_WARN_UNREACHABLE_CODE = YES;
				CLANG_WARN__DUPLICATE_METHOD_MATCH = YES;
				"CODE_SIGN_IDENTITY[sdk=iphoneos*]" = "iPhone Developer";
				COPY_PHASE_STRIP = YES;
				ENABLE_NS_ASSERTIONS = NO;
				ENABLE_STRICT_OBJC_MSGSEND = YES;
				GCC_C_LANGUAGE_STANDARD = gnu99;
				GCC_WARN_64_TO_32_BIT_CONVERSION = YES;
				GCC_WARN_ABOUT_RETURN_TYPE = YES_ERROR;
				GCC_WARN_UNDECLARED_SELECTOR = YES;
				GCC_WARN_UNINITIALIZED_AUTOS = YES_AGGRESSIVE;
				GCC_WARN_UNUSED_FUNCTION = YES;
				GCC_WARN_UNUSED_VARIABLE = YES;
				IPHONEOS_DEPLOYMENT_TARGET = 8.1;
				MTL_ENABLE_DEBUG_INFO = NO;
				SDKROOT = iphoneos;
				VALIDATE_PRODUCT = YES;
			};
			name = Release;
		};
		119E9AA91AAD39EF001FAEE3 /* Debug */ = {
			isa = XCBuildConfiguration;
			buildSettings = {
				ASSETCATALOG_COMPILER_APPICON_NAME = AppIcon;
				INFOPLIST_FILE = prueba/Info.plist;
				LD_RUNPATH_SEARCH_PATHS = "$(inherited) @executable_path/Frameworks";
				PRODUCT_NAME = "$(TARGET_NAME)";
			};
			name = Debug;
		};
		119E9AAA1AAD39EF001FAEE3 /* Release */ = {
			isa = XCBuildConfiguration;
			buildSettings = {
				ASSETCATALOG_COMPILER_APPICON_NAME = AppIcon;
				INFOPLIST_FILE = prueba/Info.plist;
				LD_RUNPATH_SEARCH_PATHS = "$(inherited) @executable_path/Frameworks";
				PRODUCT_NAME = "$(TARGET_NAME)";
			};
			name = Release;
		};
		119E9AAC1AAD39EF001FAEE3 /* Debug */ = {
			isa = XCBuildConfiguration;
			buildSettings = {
				BUNDLE_LOADER = "$(TEST_HOST)";
				FRAMEWORK_SEARCH_PATHS = (
					"$(SDKROOT)/Developer/Library/Frameworks",
					"$(inherited)",
				);
				GCC_PREPROCESSOR_DEFINITIONS = (
					"DEBUG=1",
					"$(inherited)",
				);
				INFOPLIST_FILE = pruebaTests/Info.plist;
				LD_RUNPATH_SEARCH_PATHS = "$(inherited) @executable_path/Frameworks @loader_path/Frameworks";
				PRODUCT_NAME = "$(TARGET_NAME)";
				TEST_HOST = "$(BUILT_PRODUCTS_DIR)/prueba.app/prueba";
			};
			name = Debug;
		};
		119E9AAD1AAD39EF001FAEE3 /* Release */ = {
			isa = XCBuildConfiguration;
			buildSettings = {
				BUNDLE_LOADER = "$(TEST_HOST)";
				FRAMEWORK_SEARCH_PATHS = (
					"$(SDKROOT)/Developer/Library/Frameworks",
					"$(inherited)",
				);
				INFOPLIST_FILE = pruebaTests/Info.plist;
				LD_RUNPATH_SEARCH_PATHS = "$(inherited) @executable_path/Frameworks @loader_path/Frameworks";
				PRODUCT_NAME = "$(TARGET_NAME)";
				TEST_HOST = "$(BUILT_PRODUCTS_DIR)/prueba.app/prueba";
			};
			name = Release;
		};
/* End XCBuildConfiguration section */

/* Begin XCConfigurationList section */
		119E9A841AAD39EF001FAEE3 /* Build configuration list for PBXProject "prueba" */ = {
			isa = XCConfigurationList;
			buildConfigurations = (
				119E9AA61AAD39EF001FAEE3 /* Debug */,
				119E9AA71AAD39EF001FAEE3 /* Release */,
			);
			defaultConfigurationIsVisible = 0;
			defaultConfigurationName = Release;
		};
		119E9AA81AAD39EF001FAEE3 /* Build configuration list for PBXNativeTarget "prueba" */ = {
			isa = XCConfigurationList;
			buildConfigurations = (
				119E9AA91AAD39EF001FAEE3 /* Debug */,
				119E9AAA1AAD39EF001FAEE3 /* Release */,
			);
			defaultConfigurationIsVisible = 0;
		};
		119E9AAB1AAD39EF001FAEE3 /* Build configuration list for PBXNativeTarget "pruebaTests" */ = {
			isa = XCConfigurationList;
			buildConfigurations = (
				119E9AAC1AAD39EF001FAEE3 /* Debug */,
				119E9AAD1AAD39EF001FAEE3 /* Release */,
			);
			defaultConfigurationIsVisible = 0;
		};
/* End XCConfigurationList section */
	};
	rootObject = 119E9A811AAD39EF001FAEE3 /* Project object */;
}
